
Microsoft Visual Studio Solution File, Format Version 12.00
# Visual Studio Version 17
VisualStudioVersion = 17.0.31903.59
MinimumVisualStudioVersion = 10.0.40219.1
Project("{FAE04EC0-301F-11D3-BF4B-00C04F79EFBC}") = "Striker", "Striker.csproj", "{20BA719F-5142-4522-8FE1-59DD1D6A1804}"
EndProject
Project("{FAE04EC0-301F-11D3-BF4B-00C04F79EFBC}") = "Striker.Tests", "tests\Striker.Tests.csproj", "{40280B40-52E4-48CE-B619-B7058B81A9D6}"
EndProject
Global
	GlobalSection(SolutionConfigurationPlatforms) = preSolution
		Debug|Any CPU = Debug|Any CPU
		Release|Any CPU = Release|Any CPU
	EndGlobalSection
	GlobalSection(SolutionProperties) = preSolution
		HideSolutionNode = FALSE
	EndGlobalSection
	GlobalSection(ProjectConfigurationPlatforms) = postSolution
		{20BA719F-5142-4522-8FE1-59DD1D6A1804}.Debug|Any CPU.ActiveCfg = Debug|Any CPU
		{20BA719F-5142-4522-8FE1-59DD1D6A1804}.Debug|Any CPU.Build.0 = Debug|Any CPU
		{20BA719F-5142-4522-8FE1-59DD1D6A1804}.Release|Any CPU.ActiveCfg = Debug|Any CPU
		{20BA719F-5142-4522-8FE1-59DD1D6A1804}.Release|Any CPU.Build.0 = Debug|Any CPU
		{40280B40-52E4-48CE-B619-B7058B81A9D6}.Debug|Any CPU.ActiveCfg = Debug|Any CPU
		{40280B40-52E4-48CE-B619-B7058B81A9D6}.Debug|Any CPU.Build.0 = Debug|Any CPU
		{40280B40-52E4-48CE-B619-B7058B81A9D6}.Release|Any CPU.ActiveCfg = Release|Any CPU
		{40280B40-52E4-48CE-B619-B7058B81A9D6}.Release|Any CPU.Build.0 = Release|Any CPU
	EndGlobalSection
EndGlobal
